
Microsoft Visual Studio Solution File, Format Version 12.00
# Visual Studio Version 17
VisualStudioVersion = 17.7.34202.233
MinimumVisualStudioVersion = 10.0.40219.1
Project("{8BC9CEB8-8B4A-11D0-8D11-00A0C91BC942}") = "prak2", "prak2\prak2.vcxproj", "{48E31BB5-2DBF-40DC-B819-C01673CD8AD3}"
EndProject
Global
	GlobalSection(SolutionConfigurationPlatforms) = preSolution
		Debug|x64 = Debug|x64
		Debug|x86 = Debug|x86
		Release|x64 = Release|x64
		Release|x86 = Release|x86
	EndGlobalSection
	GlobalSection(ProjectConfigurationPlatforms) = postSolution
		{48E31BB5-2DBF-40DC-B819-C01673CD8AD3}.Debug|x64.ActiveCfg = Debug|x64
		{48E31BB5-2DBF-40DC-B819-C01673CD8AD3}.Debug|x64.Build.0 = Debug|x64
		{48E31BB5-2DBF-40DC-B819-C01673CD8AD3}.Debug|x86.ActiveCfg = Debug|Win32
		{48E31BB5-2DBF-40DC-B819-C01673CD8AD3}.Debug|x86.Build.0 = Debug|Win32
		{48E31BB5-2DBF-40DC-B819-C01673CD8AD3}.Release|x64.ActiveCfg = Release|x64
		{48E31BB5-2DBF-40DC-B819-C01673CD8AD3}.Release|x64.Build.0 = Release|x64
		{48E31BB5-2DBF-40DC-B819-C01673CD8AD3}.Release|x86.ActiveCfg = Release|Win32
		{48E31BB5-2DBF-40DC-B819-C01673CD8AD3}.Release|x86.Build.0 = Release|Win32
	EndGlobalSection
	GlobalSection(SolutionProperties) = preSolution
		HideSolutionNode = FALSE
	EndGlobalSection
	GlobalSection(ExtensibilityGlobals) = postSolution
		SolutionGuid = {AB1FB793-751D-4139-A969-46D9F30B74D8}
	EndGlobalSection
EndGlobal
